<?xml version="1.0" encoding="utf-8"?>
<Project ToolsVersion="4.0" xmlns="http://schemas.microsoft.com/developer/msbuild/2003">
  <ItemGroup>
    <ClCompile Include="TestSuite.cpp" />
    <ClCompile Include="Lights\Lights.cpp">
      <Filter>Lights</Filter>
    </ClCompile>
    <ClCompile Include="RenderTargetTexture\RenderTargetTexture.cpp">
      <Filter>RenderTargetTexture</Filter>
    </ClCompile>
    <ClCompile Include="Sound\Sound.cpp">
      <Filter>Sound</Filter>
    </ClCompile>
    <ClCompile Include="Instancing\Instancing.cpp">
      <Filter>Instancing</Filter>
    </ClCompile>
    <ClCompile Include="Animation\Animation.cpp">
      <Filter>Animation</Filter>
    </ClCompile>
    <ClCompile Include="Particles\Particles.cpp">
      <Filter>Particles</Filter>
    </ClCompile>
    <ClCompile Include="Terrain\Terrain.cpp">
      <Filter>Terrain</Filter>
    </ClCompile>
  </ItemGroup>
  <ItemGroup>
    <ClInclude Include="TestSuite.hpp" />
    <ClInclude Include="Lights\Lights.hpp">
      <Filter>Lights</Filter>
    </ClInclude>
    <ClInclude Include="Instancing\Instancing.hpp">
      <Filter>Instancing</Filter>
    </ClInclude>
    <ClInclude Include="Animation\Animation.hpp">
      <Filter>Animation</Filter>
    </ClInclude>
    <ClInclude Include="RenderTargetTexture\RenderTargetTexture.hpp">
      <Filter>RenderTargetTexture</Filter>
    </ClInclude>
    <ClInclude Include="Sound\Sound.hpp">
      <Filter>Sound</Filter>
    </ClInclude>
    <ClInclude Include="Particles\Particles.hpp">
      <Filter>Particles</Filter>
    </ClInclude>
    <ClInclude Include="Terrain\Terrain.hpp">
      <Filter>Terrain</Filter>
    </ClInclude>
  </ItemGroup>
  <ItemGroup>
    <Filter Include="Lights">
      <UniqueIdentifier>{10ce6e58-037a-4bc9-a93d-63287604c98e}</UniqueIdentifier>
    </Filter>
    <Filter Include="Animation">
      <UniqueIdentifier>{81cbb601-5b9f-45e0-9678-435089b9c4cf}</UniqueIdentifier>
    </Filter>
    <Filter Include="Instancing">
      <UniqueIdentifier>{ed23f2e4-4241-403a-b4e8-b948e969cf2b}</UniqueIdentifier>
    </Filter>
    <Filter Include="RenderTargetTexture">
      <UniqueIdentifier>{ed316935-d678-41fc-bd73-60aa7829de01}</UniqueIdentifier>
    </Filter>
    <Filter Include="Sound">
      <UniqueIdentifier>{9e80c4e9-6e2b-4630-ae4e-d57c555319d9}</UniqueIdentifier>
    </Filter>
    <Filter Include="Particles">
      <UniqueIdentifier>{4ffc94b6-828b-4487-905f-74fe6c03159d}</UniqueIdentifier>
    </Filter>
    <Filter Include="Terrain">
      <UniqueIdentifier>{02d1e8d7-8fa0-4ca5-9bb1-ce0e50304485}</UniqueIdentifier>
    </Filter>
  </ItemGroup>
</Project>