<?xml version="1.0" encoding="utf-8"?>
<Project ToolsVersion="4.0" xmlns="http://schemas.microsoft.com/developer/msbuild/2003">
  <ItemGroup>
    <Filter Include="Renderer">
      <UniqueIdentifier>{e7c387e5-5a0d-425c-ad2b-351a2dbdb74f}</UniqueIdentifier>
    </Filter>
    <Filter Include="Sound">
      <UniqueIdentifier>{4eb913a5-8ae9-48f8-87c2-d9cf60fb0619}</UniqueIdentifier>
    </Filter>
    <Filter Include="Windows">
      <UniqueIdentifier>{7b2dcfa4-377f-4a07-836b-95460cd05ee0}</UniqueIdentifier>
    </Filter>
    <Filter Include="Input">
      <UniqueIdentifier>{ff7aeda3-d9b1-4ba2-b9c9-92c6d1494c5d}</UniqueIdentifier>
    </Filter>
    <Filter Include="Core">
      <UniqueIdentifier>{45741f0c-4b58-4ca6-a3e8-0e594b29f530}</UniqueIdentifier>
    </Filter>
    <Filter Include="Core\tools">
      <UniqueIdentifier>{27f60485-6dcf-45f7-9949-d2bd4e576f74}</UniqueIdentifier>
    </Filter>
    <Filter Include="Images">
      <UniqueIdentifier>{2e2ab278-0f95-4b95-b828-7f89a0693445}</UniqueIdentifier>
    </Filter>
    <Filter Include="Geometry">
      <UniqueIdentifier>{b7c40d3b-587d-45e0-a904-2513c3c8841d}</UniqueIdentifier>
    </Filter>
    <Filter Include="Objects">
      <UniqueIdentifier>{2410807c-e1a8-4552-b566-84db0e937e31}</UniqueIdentifier>
    </Filter>
  </ItemGroup>
  <ItemGroup>
    <ClCompile Include="WSound.cpp">
      <Filter>Sound</Filter>
    </ClCompile>
    <ClCompile Include="WWC_Win32.cpp">
      <Filter>Windows</Filter>
    </ClCompile>
    <ClCompile Include="WIC_Win32.cpp">
      <Filter>Input</Filter>
    </ClCompile>
    <ClCompile Include="Wasabi.cpp">
      <Filter>Core</Filter>
    </ClCompile>
    <ClCompile Include="WError.cpp">
      <Filter>Core</Filter>
    </ClCompile>
    <ClCompile Include="WBase.cpp">
      <Filter>Core</Filter>
    </ClCompile>
    <ClCompile Include="WOrientation.cpp">
      <Filter>Core</Filter>
    </ClCompile>
    <ClCompile Include="WMath.cpp">
      <Filter>Core</Filter>
    </ClCompile>
    <ClCompile Include="WTimer.cpp">
      <Filter>Core</Filter>
    </ClCompile>
    <ClCompile Include="WForwardRenderer.cpp">
      <Filter>Renderer</Filter>
    </ClCompile>
    <ClCompile Include="vulkantools.cpp">
      <Filter>Core\tools</Filter>
    </ClCompile>
    <ClCompile Include="WImages.cpp">
      <Filter>Images</Filter>
    </ClCompile>
    <ClCompile Include="WGeometry.cpp">
      <Filter>Geometry</Filter>
    </ClCompile>
    <ClCompile Include="WObjects.cpp">
      <Filter>Objects</Filter>
    </ClCompile>
  </ItemGroup>
  <ItemGroup>
    <ClInclude Include="WRenderer.h">
      <Filter>Renderer</Filter>
    </ClInclude>
    <ClInclude Include="WSound.h">
      <Filter>Sound</Filter>
    </ClInclude>
    <ClInclude Include="WWC_Win32.h">
      <Filter>Windows</Filter>
    </ClInclude>
    <ClInclude Include="WWindowComponent.h">
      <Filter>Windows</Filter>
    </ClInclude>
    <ClInclude Include="WInputComponent.h">
      <Filter>Input</Filter>
    </ClInclude>
    <ClInclude Include="WIC_Win32.h">
      <Filter>Input</Filter>
    </ClInclude>
    <ClInclude Include="Wasabi.h">
      <Filter>Core</Filter>
    </ClInclude>
    <ClInclude Include="WBase.h">
      <Filter>Core</Filter>
    </ClInclude>
    <ClInclude Include="WError.h">
      <Filter>Core</Filter>
    </ClInclude>
    <ClInclude Include="WManager.h">
      <Filter>Core</Filter>
    </ClInclude>
    <ClInclude Include="WMath.h">
      <Filter>Core</Filter>
    </ClInclude>
    <ClInclude Include="WOrientation.h">
      <Filter>Core</Filter>
    </ClInclude>
    <ClInclude Include="WTimer.h">
      <Filter>Core</Filter>
    </ClInclude>
    <ClInclude Include="WForwardRenderer.h">
      <Filter>Renderer</Filter>
    </ClInclude>
    <ClInclude Include="vulkantools.h">
      <Filter>Core\tools</Filter>
    </ClInclude>
    <ClInclude Include="vulkanswapchain.hpp">
      <Filter>Core\tools</Filter>
    </ClInclude>
    <ClInclude Include="WImages.h">
      <Filter>Images</Filter>
    </ClInclude>
    <ClInclude Include="WGeometry.h">
      <Filter>Geometry</Filter>
    </ClInclude>
    <ClInclude Include="WObjects.h">
      <Filter>Objects</Filter>
    </ClInclude>
  </ItemGroup>
</Project>