<?xml version="1.0" encoding="utf-8"?>
<Project ToolsVersion="4.0" xmlns="http://schemas.microsoft.com/developer/msbuild/2003">
  <ItemGroup>
    <Filter Include="Core">
      <UniqueIdentifier>{93d86431-26ad-46ad-96e3-f3a1de47a81e}</UniqueIdentifier>
    </Filter>
    <Filter Include="Animations">
      <UniqueIdentifier>{d0015ae7-79ff-4e75-8daf-9e9dd146cf78}</UniqueIdentifier>
    </Filter>
    <Filter Include="Cameras">
      <UniqueIdentifier>{e11574f9-24d9-4969-a356-4e9d97b4679c}</UniqueIdentifier>
    </Filter>
    <Filter Include="Geometries">
      <UniqueIdentifier>{90a65bdb-4ed7-454c-95c7-86c2482b0fe2}</UniqueIdentifier>
    </Filter>
    <Filter Include="Lights">
      <UniqueIdentifier>{029f794f-971d-4bd7-9460-ef901e0bbc45}</UniqueIdentifier>
    </Filter>
    <Filter Include="Materials">
      <UniqueIdentifier>{f6a70e0f-aef9-4d70-a727-095f2e385219}</UniqueIdentifier>
    </Filter>
    <Filter Include="Objects">
      <UniqueIdentifier>{4da7d0cb-4ee3-4afa-94c3-fadcb38e7fab}</UniqueIdentifier>
    </Filter>
    <Filter Include="Physics">
      <UniqueIdentifier>{9c29f438-7737-46f7-87de-206e2baa4bcc}</UniqueIdentifier>
    </Filter>
    <Filter Include="Renderers">
      <UniqueIdentifier>{9c1396cf-3c2e-4098-a02d-093a096a7b40}</UniqueIdentifier>
    </Filter>
    <Filter Include="Sounds">
      <UniqueIdentifier>{ea8998b4-a30f-4c8d-98f9-14e278d42a51}</UniqueIdentifier>
    </Filter>
    <Filter Include="Sprites">
      <UniqueIdentifier>{a430f1ff-70fc-43dc-8a71-fe781bb2f42f}</UniqueIdentifier>
    </Filter>
    <Filter Include="Texts">
      <UniqueIdentifier>{0f35e8e5-e21e-40ae-9dd2-1562d32d30cb}</UniqueIdentifier>
    </Filter>
    <Filter Include="Core\VkTools">
      <UniqueIdentifier>{6bef0043-9d81-4722-bba6-bf140cf195b6}</UniqueIdentifier>
    </Filter>
    <Filter Include="stb">
      <UniqueIdentifier>{a78cb392-40c1-4e4f-b5d1-9c98ffb11259}</UniqueIdentifier>
    </Filter>
    <Filter Include="Particles">
      <UniqueIdentifier>{7924b2e4-d491-4db7-b072-6009b1894457}</UniqueIdentifier>
    </Filter>
    <Filter Include="Particles\Shaders">
      <UniqueIdentifier>{eacb7417-6b01-4b86-bd3f-1eec84e94863}</UniqueIdentifier>
    </Filter>
    <Filter Include="Terrains">
      <UniqueIdentifier>{3b9ce3fe-fa1a-4217-b9a4-8aede75d9406}</UniqueIdentifier>
    </Filter>
    <Filter Include="Physics\Havok">
      <UniqueIdentifier>{9ad84bfe-fc58-41aa-bbfd-580c7244e2bf}</UniqueIdentifier>
    </Filter>
    <Filter Include="Physics\Bullet">
      <UniqueIdentifier>{9c5e046b-6a46-4110-939c-b2601b81af05}</UniqueIdentifier>
    </Filter>
    <Filter Include="Sounds\OpenAL">
      <UniqueIdentifier>{af4f2820-4824-43ba-83d7-939dec7d3e38}</UniqueIdentifier>
    </Filter>
    <Filter Include="WindowAndInput">
      <UniqueIdentifier>{44759a02-00cd-4bdd-b51a-b5df60bed0a8}</UniqueIdentifier>
    </Filter>
    <Filter Include="WindowAndInput\Windows">
      <UniqueIdentifier>{79291343-3d33-4bb1-a097-4ac3b699d6af}</UniqueIdentifier>
    </Filter>
    <Filter Include="WindowAndInput\Linux">
      <UniqueIdentifier>{846ad129-45f9-4865-ba0c-635c96236b46}</UniqueIdentifier>
    </Filter>
    <Filter Include="WindowAndInput\Mac">
      <UniqueIdentifier>{2c936ef2-b19b-4d6e-9dce-366127a35ac8}</UniqueIdentifier>
    </Filter>
    <Filter Include="WindowAndInput\Android">
      <UniqueIdentifier>{79e76876-2e75-488e-ba23-80da1003df7e}</UniqueIdentifier>
    </Filter>
    <Filter Include="Files">
      <UniqueIdentifier>{8dfac54d-278a-425d-bc4a-9edec888ca1b}</UniqueIdentifier>
    </Filter>
    <Filter Include="Images">
      <UniqueIdentifier>{40c7b38c-4d70-4701-ac9d-5e216c842076}</UniqueIdentifier>
    </Filter>
    <Filter Include="Renderers\DeferredRenderer">
      <UniqueIdentifier>{623111ba-67bf-40ab-8f1f-f78cf5d3bba1}</UniqueIdentifier>
    </Filter>
    <Filter Include="Renderers\ForwardRenderer">
      <UniqueIdentifier>{84ca84cc-d897-43ad-b469-d4294ffb381c}</UniqueIdentifier>
    </Filter>
    <Filter Include="Renderers\DeferredRenderer\Shaders">
      <UniqueIdentifier>{c342ca03-961d-4c54-a762-dfb77d7a94f0}</UniqueIdentifier>
    </Filter>
    <Filter Include="Renderers\ForwardRenderer\Shaders">
      <UniqueIdentifier>{b2d3da71-f3af-48ef-b7b1-6f0258f6cc4c}</UniqueIdentifier>
    </Filter>
    <Filter Include="Renderers\Common">
      <UniqueIdentifier>{51799f31-939b-4f0d-97d2-0b8339a0db1a}</UniqueIdentifier>
    </Filter>
  </ItemGroup>
  <ItemGroup>
    <ClCompile Include="Animations\WAnimation.cpp">
      <Filter>Animations</Filter>
    </ClCompile>
    <ClCompile Include="Animations\WSkeletalAnimation.cpp">
      <Filter>Animations</Filter>
    </ClCompile>
    <ClCompile Include="Cameras\WCamera.cpp">
      <Filter>Cameras</Filter>
    </ClCompile>
    <ClCompile Include="Geometries\WGeometry.cpp">
      <Filter>Geometries</Filter>
    </ClCompile>
    <ClCompile Include="Images\WImage.cpp">
      <Filter>Images</Filter>
    </ClCompile>
    <ClCompile Include="Images\WRenderTarget.cpp">
      <Filter>Images</Filter>
    </ClCompile>
    <ClCompile Include="Lights\WLight.cpp">
      <Filter>Lights</Filter>
    </ClCompile>
    <ClCompile Include="Materials\WEffect.cpp">
      <Filter>Materials</Filter>
    </ClCompile>
    <ClCompile Include="Materials\WMaterial.cpp">
      <Filter>Materials</Filter>
    </ClCompile>
    <ClCompile Include="Objects\WObject.cpp">
      <Filter>Objects</Filter>
    </ClCompile>
    <ClCompile Include="Renderers\WRenderer.cpp">
      <Filter>Renderers</Filter>
    </ClCompile>
    <ClCompile Include="Sprites\WSprite.cpp">
      <Filter>Sprites</Filter>
    </ClCompile>
    <ClCompile Include="Texts\WText.cpp">
      <Filter>Texts</Filter>
    </ClCompile>
    <ClCompile Include="Core\WBase.cpp">
      <Filter>Core</Filter>
    </ClCompile>
    <ClCompile Include="Core\WCore.cpp">
      <Filter>Core</Filter>
    </ClCompile>
    <ClCompile Include="Core\WError.cpp">
      <Filter>Core</Filter>
    </ClCompile>
    <ClCompile Include="Core\WMath.cpp">
      <Filter>Core</Filter>
    </ClCompile>
    <ClCompile Include="Core\WOrientation.cpp">
      <Filter>Core</Filter>
    </ClCompile>
    <ClCompile Include="Core\WTimer.cpp">
      <Filter>Core</Filter>
    </ClCompile>
    <ClCompile Include="Core\WUtilities.cpp">
      <Filter>Core</Filter>
    </ClCompile>
    <ClCompile Include="Core\VkTools\vulkantools.cpp">
      <Filter>Core\VkTools</Filter>
    </ClCompile>
    <ClCompile Include="stb\stb_vorbis.c">
      <Filter>stb</Filter>
    </ClCompile>
    <ClCompile Include="Particles\WParticles.cpp">
      <Filter>Particles</Filter>
    </ClCompile>
    <ClCompile Include="Terrains\WTerrain.cpp">
      <Filter>Terrains</Filter>
    </ClCompile>
    <ClCompile Include="Physics\Havok\WHavokPhysics.cpp">
      <Filter>Physics\Havok</Filter>
    </ClCompile>
    <ClCompile Include="Physics\Bullet\WBulletPhysics.cpp">
      <Filter>Physics\Bullet</Filter>
    </ClCompile>
    <ClCompile Include="Physics\Bullet\WBulletRigidBody.cpp">
      <Filter>Physics\Bullet</Filter>
    </ClCompile>
    <ClCompile Include="Physics\WRigidBody.cpp">
      <Filter>Physics</Filter>
    </ClCompile>
    <ClCompile Include="Physics\Bullet\BulletDebugger.cpp">
      <Filter>Physics\Bullet</Filter>
    </ClCompile>
    <ClCompile Include="Sounds\OpenAL\WOpenAL.cpp">
      <Filter>Sounds\OpenAL</Filter>
    </ClCompile>
    <ClCompile Include="WindowAndInput\Windows\WWindowsWindowAndInputComponent.cpp">
      <Filter>WindowAndInput\Windows</Filter>
    </ClCompile>
    <ClCompile Include="Files\WFile.cpp">
      <Filter>Files</Filter>
    </ClCompile>
    <ClCompile Include="Renderers\ForwardRenderer\WForwardRenderer.cpp">
      <Filter>Renderers\ForwardRenderer</Filter>
    </ClCompile>
    <ClCompile Include="Renderers\DeferredRenderer\WDeferredRenderer.cpp">
      <Filter>Renderers\DeferredRenderer</Filter>
    </ClCompile>
    <ClCompile Include="Renderers\WRenderStage.cpp">
      <Filter>Renderers</Filter>
    </ClCompile>
    <ClCompile Include="Renderers\Common\CommonRenderStages.cpp">
      <Filter>Renderers\Common</Filter>
    </ClCompile>
    <ClCompile Include="Renderers\DeferredRenderer\WGBufferRenderStage.cpp">
      <Filter>Renderers\DeferredRenderer</Filter>
    </ClCompile>
    <ClCompile Include="Renderers\DeferredRenderer\WLightBufferRenderStage.cpp">
      <Filter>Renderers\DeferredRenderer</Filter>
    </ClCompile>
    <ClCompile Include="Renderers\Common\WSpritesRenderStage.cpp">
      <Filter>Renderers\Common</Filter>
    </ClCompile>
    <ClCompile Include="Renderers\ForwardRenderer\WForwardRenderStage.cpp">
      <Filter>Renderers\ForwardRenderer</Filter>
    </ClCompile>
  </ItemGroup>
  <ItemGroup>
    <ClInclude Include="Animations\WAnimation.h">
      <Filter>Animations</Filter>
    </ClInclude>
    <ClInclude Include="Animations\WSkeletalAnimation.h">
      <Filter>Animations</Filter>
    </ClInclude>
    <ClInclude Include="Cameras\WCamera.h">
      <Filter>Cameras</Filter>
    </ClInclude>
    <ClInclude Include="Geometries\WGeometry.h">
      <Filter>Geometries</Filter>
    </ClInclude>
    <ClInclude Include="Images\WImage.h">
      <Filter>Images</Filter>
    </ClInclude>
    <ClInclude Include="Images\WRenderTarget.h">
      <Filter>Images</Filter>
    </ClInclude>
    <ClInclude Include="Lights\WLight.h">
      <Filter>Lights</Filter>
    </ClInclude>
    <ClInclude Include="Materials\WEffect.h">
      <Filter>Materials</Filter>
    </ClInclude>
    <ClInclude Include="Materials\WMaterial.h">
      <Filter>Materials</Filter>
    </ClInclude>
    <ClInclude Include="Objects\WObject.h">
      <Filter>Objects</Filter>
    </ClInclude>
    <ClInclude Include="Physics\WPhysicsComponent.h">
      <Filter>Physics</Filter>
    </ClInclude>
    <ClInclude Include="Renderers\WRenderer.h">
      <Filter>Renderers</Filter>
    </ClInclude>
    <ClInclude Include="Sounds\WSound.h">
      <Filter>Sounds</Filter>
    </ClInclude>
    <ClInclude Include="Sprites\WSprite.h">
      <Filter>Sprites</Filter>
    </ClInclude>
    <ClInclude Include="Texts\WText.h">
      <Filter>Texts</Filter>
    </ClInclude>
    <ClInclude Include="Core\WBase.h">
      <Filter>Core</Filter>
    </ClInclude>
    <ClInclude Include="Core\WCore.h">
      <Filter>Core</Filter>
    </ClInclude>
    <ClInclude Include="Core\WError.h">
      <Filter>Core</Filter>
    </ClInclude>
    <ClInclude Include="Core\WManager.h">
      <Filter>Core</Filter>
    </ClInclude>
    <ClInclude Include="Core\WMath.h">
      <Filter>Core</Filter>
    </ClInclude>
    <ClInclude Include="Core\WOrientation.h">
      <Filter>Core</Filter>
    </ClInclude>
    <ClInclude Include="Core\WTimer.h">
      <Filter>Core</Filter>
    </ClInclude>
    <ClInclude Include="Core\WUtilities.h">
      <Filter>Core</Filter>
    </ClInclude>
    <ClInclude Include="Core\VkTools\vulkanswapchain.hpp">
      <Filter>Core\VkTools</Filter>
    </ClInclude>
    <ClInclude Include="Core\VkTools\vulkantools.h">
      <Filter>Core\VkTools</Filter>
    </ClInclude>
    <ClInclude Include="stb\stb.h">
      <Filter>stb</Filter>
    </ClInclude>
    <ClInclude Include="stb\stb_connected_components.h">
      <Filter>stb</Filter>
    </ClInclude>
    <ClInclude Include="stb\stb_c_lexer.h">
      <Filter>stb</Filter>
    </ClInclude>
    <ClInclude Include="stb\stb_divide.h">
      <Filter>stb</Filter>
    </ClInclude>
    <ClInclude Include="stb\stb_dxt.h">
      <Filter>stb</Filter>
    </ClInclude>
    <ClInclude Include="stb\stb_easy_font.h">
      <Filter>stb</Filter>
    </ClInclude>
    <ClInclude Include="stb\stb_herringbone_wang_tile.h">
      <Filter>stb</Filter>
    </ClInclude>
    <ClInclude Include="stb\stb_image.h">
      <Filter>stb</Filter>
    </ClInclude>
    <ClInclude Include="stb\stb_image_resize.h">
      <Filter>stb</Filter>
    </ClInclude>
    <ClInclude Include="stb\stb_image_write.h">
      <Filter>stb</Filter>
    </ClInclude>
    <ClInclude Include="stb\stb_leakcheck.h">
      <Filter>stb</Filter>
    </ClInclude>
    <ClInclude Include="stb\stb_perlin.h">
      <Filter>stb</Filter>
    </ClInclude>
    <ClInclude Include="stb\stb_rect_pack.h">
      <Filter>stb</Filter>
    </ClInclude>
    <ClInclude Include="stb\stb_textedit.h">
      <Filter>stb</Filter>
    </ClInclude>
    <ClInclude Include="stb\stb_tilemap_editor.h">
      <Filter>stb</Filter>
    </ClInclude>
    <ClInclude Include="stb\stb_truetype.h">
      <Filter>stb</Filter>
    </ClInclude>
    <ClInclude Include="stb\stb_voxel_render.h">
      <Filter>stb</Filter>
    </ClInclude>
    <ClInclude Include="stb\stretchy_buffer.h">
      <Filter>stb</Filter>
    </ClInclude>
    <ClInclude Include="Wasabi.h" />
    <ClInclude Include="Particles\WParticles.h">
      <Filter>Particles</Filter>
    </ClInclude>
    <ClInclude Include="Terrains\WTerrain.h">
      <Filter>Terrains</Filter>
    </ClInclude>
    <ClInclude Include="Physics\Havok\WHavokPhysics.h">
      <Filter>Physics\Havok</Filter>
    </ClInclude>
    <ClInclude Include="Physics\Bullet\WBulletPhysics.h">
      <Filter>Physics\Bullet</Filter>
    </ClInclude>
    <ClInclude Include="Physics\Bullet\WBulletRigidBody.h">
      <Filter>Physics\Bullet</Filter>
    </ClInclude>
    <ClInclude Include="Physics\WRigidBody.h">
      <Filter>Physics</Filter>
    </ClInclude>
    <ClInclude Include="Physics\Bullet\BulletDebugger.h">
      <Filter>Physics\Bullet</Filter>
    </ClInclude>
    <ClInclude Include="Sounds\OpenAL\WOpenAL.h">
      <Filter>Sounds\OpenAL</Filter>
    </ClInclude>
    <ClInclude Include="WindowAndInput\WWindowAndInputComponent.h">
      <Filter>WindowAndInput</Filter>
    </ClInclude>
    <ClInclude Include="WindowAndInput\Windows\WWindowsWindowAndInputComponent.h">
      <Filter>WindowAndInput\Windows</Filter>
    </ClInclude>
    <ClInclude Include="Files\WFile.h">
      <Filter>Files</Filter>
    </ClInclude>
    <ClInclude Include="Renderers\ForwardRenderer\WForwardRenderer.h">
      <Filter>Renderers\ForwardRenderer</Filter>
    </ClInclude>
    <ClInclude Include="Renderers\DeferredRenderer\WDeferredRenderer.h">
      <Filter>Renderers\DeferredRenderer</Filter>
    </ClInclude>
    <ClInclude Include="Renderers\WRenderStage.h">
      <Filter>Renderers</Filter>
    </ClInclude>
    <ClInclude Include="Renderers\Common\CommonRenderStages.h">
      <Filter>Renderers\Common</Filter>
    </ClInclude>
    <ClInclude Include="Renderers\DeferredRenderer\WGBufferRenderStage.h">
      <Filter>Renderers\DeferredRenderer</Filter>
    </ClInclude>
    <ClInclude Include="Renderers\DeferredRenderer\WLightBufferRenderStage.h">
      <Filter>Renderers\DeferredRenderer</Filter>
    </ClInclude>
    <ClInclude Include="Renderers\Common\WSpritesRenderStage.h">
      <Filter>Renderers\Common</Filter>
    </ClInclude>
    <ClInclude Include="Renderers\ForwardRenderer\WForwardRenderStage.h">
      <Filter>Renderers\ForwardRenderer</Filter>
    </ClInclude>
    <ClInclude Include="Renderers\Common\ResourceCollection.h">
      <Filter>Renderers\Common</Filter>
    </ClInclude>
  </ItemGroup>
  <ItemGroup>
    <None Include="Particles\Shaders\particles_ps.glsl">
      <Filter>Particles\Shaders</Filter>
    </None>
    <None Include="Particles\Shaders\particles_vs.glsl">
      <Filter>Particles\Shaders</Filter>
    </None>
    <None Include="Particles\Shaders\particles_gs.glsl">
      <Filter>Particles\Shaders</Filter>
    </None>
    <None Include="Renderers\ForwardRenderer\Shaders\pixel_shader.glsl">
      <Filter>Renderers\ForwardRenderer\Shaders</Filter>
    </None>
    <None Include="Renderers\ForwardRenderer\Shaders\vertex_shader.glsl">
      <Filter>Renderers\ForwardRenderer\Shaders</Filter>
    </None>
    <None Include="Renderers\DeferredRenderer\Shaders\directional_light_ps.glsl">
      <Filter>Renderers\DeferredRenderer\Shaders</Filter>
    </None>
    <None Include="Renderers\DeferredRenderer\Shaders\pixel_shader.glsl">
      <Filter>Renderers\DeferredRenderer\Shaders</Filter>
    </None>
    <None Include="Renderers\DeferredRenderer\Shaders\point_light_ps.glsl">
      <Filter>Renderers\DeferredRenderer\Shaders</Filter>
    </None>
    <None Include="Renderers\DeferredRenderer\Shaders\point_light_vs.glsl">
      <Filter>Renderers\DeferredRenderer\Shaders</Filter>
    </None>
    <None Include="Renderers\DeferredRenderer\Shaders\scene_composition_ps.glsl">
      <Filter>Renderers\DeferredRenderer\Shaders</Filter>
    </None>
    <None Include="Renderers\DeferredRenderer\Shaders\spot_light_ps.glsl">
      <Filter>Renderers\DeferredRenderer\Shaders</Filter>
    </None>
    <None Include="Renderers\DeferredRenderer\Shaders\spot_light_vs.glsl">
      <Filter>Renderers\DeferredRenderer\Shaders</Filter>
    </None>
    <None Include="Renderers\DeferredRenderer\Shaders\vertex_shader.glsl">
      <Filter>Renderers\DeferredRenderer\Shaders</Filter>
    </None>
    <None Include="Renderers\DeferredRenderer\Shaders\pixel_shader_depth.glsl">
      <Filter>Renderers\DeferredRenderer\Shaders</Filter>
    </None>
  </ItemGroup>
</Project>