<?xml version="1.0" encoding="utf-8"?>
<Project ToolsVersion="4.0" xmlns="http://schemas.microsoft.com/developer/msbuild/2003">
  <ItemGroup>
    <Filter Include="Renderer">
      <UniqueIdentifier>{e7c387e5-5a0d-425c-ad2b-351a2dbdb74f}</UniqueIdentifier>
    </Filter>
    <Filter Include="Sound">
      <UniqueIdentifier>{4eb913a5-8ae9-48f8-87c2-d9cf60fb0619}</UniqueIdentifier>
    </Filter>
    <Filter Include="Windows">
      <UniqueIdentifier>{7b2dcfa4-377f-4a07-836b-95460cd05ee0}</UniqueIdentifier>
    </Filter>
    <Filter Include="Input">
      <UniqueIdentifier>{ff7aeda3-d9b1-4ba2-b9c9-92c6d1494c5d}</UniqueIdentifier>
    </Filter>
    <Filter Include="Core">
      <UniqueIdentifier>{45741f0c-4b58-4ca6-a3e8-0e594b29f530}</UniqueIdentifier>
    </Filter>
  </ItemGroup>
  <ItemGroup>
    <ClCompile Include="WSound.cpp">
      <Filter>Sound</Filter>
    </ClCompile>
    <ClCompile Include="WWC_Win32.cpp">
      <Filter>Windows</Filter>
    </ClCompile>
    <ClCompile Include="WIC_Win32.cpp">
      <Filter>Input</Filter>
    </ClCompile>
    <ClCompile Include="Wasabi.cpp">
      <Filter>Core</Filter>
    </ClCompile>
    <ClCompile Include="WError.cpp">
      <Filter>Core</Filter>
    </ClCompile>
    <ClCompile Include="WBase.cpp">
      <Filter>Core</Filter>
    </ClCompile>
    <ClCompile Include="WOrientation.cpp">
      <Filter>Core</Filter>
    </ClCompile>
    <ClCompile Include="WMath.cpp">
      <Filter>Core</Filter>
    </ClCompile>
    <ClCompile Include="WTimer.cpp">
      <Filter>Core</Filter>
    </ClCompile>
    <ClCompile Include="WForwardRenderer.cpp">
      <Filter>Renderer</Filter>
    </ClCompile>
  </ItemGroup>
  <ItemGroup>
    <ClInclude Include="WRenderer.h">
      <Filter>Renderer</Filter>
    </ClInclude>
    <ClInclude Include="WSound.h">
      <Filter>Sound</Filter>
    </ClInclude>
    <ClInclude Include="WWC_Win32.h">
      <Filter>Windows</Filter>
    </ClInclude>
    <ClInclude Include="WWindowComponent.h">
      <Filter>Windows</Filter>
    </ClInclude>
    <ClInclude Include="WInputComponent.h">
      <Filter>Input</Filter>
    </ClInclude>
    <ClInclude Include="WIC_Win32.h">
      <Filter>Input</Filter>
    </ClInclude>
    <ClInclude Include="Wasabi.h">
      <Filter>Core</Filter>
    </ClInclude>
    <ClInclude Include="WBase.h">
      <Filter>Core</Filter>
    </ClInclude>
    <ClInclude Include="WError.h">
      <Filter>Core</Filter>
    </ClInclude>
    <ClInclude Include="WManager.h">
      <Filter>Core</Filter>
    </ClInclude>
    <ClInclude Include="WMath.h">
      <Filter>Core</Filter>
    </ClInclude>
    <ClInclude Include="WOrientation.h">
      <Filter>Core</Filter>
    </ClInclude>
    <ClInclude Include="WTimer.h">
      <Filter>Core</Filter>
    </ClInclude>
    <ClInclude Include="WForwardRenderer.h">
      <Filter>Renderer</Filter>
    </ClInclude>
  </ItemGroup>
</Project>